
Microsoft Visual Studio Solution File, Format Version 12.00
# Visual Studio Version 16
VisualStudioVersion = 16.0.31515.178
MinimumVisualStudioVersion = 10.0.40219.1
Project("{9A19103F-16F7-4668-BE54-9A1E7A4F7556}") = "Entities", "Entities\Entities.csproj", "{9252919A-0877-4E50-B636-6970DF10B1EA}"
EndProject
Project("{9A19103F-16F7-4668-BE54-9A1E7A4F7556}") = "Contracts", "Contracts\Contracts.csproj", "{D96AFE41-7EB3-407F-9132-250D748FE70A}"
EndProject
Project("{9A19103F-16F7-4668-BE54-9A1E7A4F7556}") = "LoggerService", "LoggerService\LoggerService.csproj", "{2CA10E83-EAA7-446A-AFB6-FFDCF36912EA}"
EndProject
Project("{9A19103F-16F7-4668-BE54-9A1E7A4F7556}") = "Repository", "Repository\Repository.csproj", "{3D6F73D7-08F2-46F9-8795-900043A16F1F}"
EndProject
Project("{FAE04EC0-301F-11D3-BF4B-00C04F79EFBC}") = "WebAPI", "WebAPI\WebAPI.csproj", "{12AE01F5-81FE-4CCA-87B2-76897F2E0494}"
EndProject
Global
	GlobalSection(SolutionConfigurationPlatforms) = preSolution
		Debug|Any CPU = Debug|Any CPU
		Release|Any CPU = Release|Any CPU
	EndGlobalSection
	GlobalSection(ProjectConfigurationPlatforms) = postSolution
		{9252919A-0877-4E50-B636-6970DF10B1EA}.Debug|Any CPU.ActiveCfg = Debug|Any CPU
		{9252919A-0877-4E50-B636-6970DF10B1EA}.Debug|Any CPU.Build.0 = Debug|Any CPU
		{9252919A-0877-4E50-B636-6970DF10B1EA}.Release|Any CPU.ActiveCfg = Release|Any CPU
		{9252919A-0877-4E50-B636-6970DF10B1EA}.Release|Any CPU.Build.0 = Release|Any CPU
		{D96AFE41-7EB3-407F-9132-250D748FE70A}.Debug|Any CPU.ActiveCfg = Debug|Any CPU
		{D96AFE41-7EB3-407F-9132-250D748FE70A}.Debug|Any CPU.Build.0 = Debug|Any CPU
		{D96AFE41-7EB3-407F-9132-250D748FE70A}.Release|Any CPU.ActiveCfg = Release|Any CPU
		{D96AFE41-7EB3-407F-9132-250D748FE70A}.Release|Any CPU.Build.0 = Release|Any CPU
		{2CA10E83-EAA7-446A-AFB6-FFDCF36912EA}.Debug|Any CPU.ActiveCfg = Debug|Any CPU
		{2CA10E83-EAA7-446A-AFB6-FFDCF36912EA}.Debug|Any CPU.Build.0 = Debug|Any CPU
		{2CA10E83-EAA7-446A-AFB6-FFDCF36912EA}.Release|Any CPU.ActiveCfg = Release|Any CPU
		{2CA10E83-EAA7-446A-AFB6-FFDCF36912EA}.Release|Any CPU.Build.0 = Release|Any CPU
		{3D6F73D7-08F2-46F9-8795-900043A16F1F}.Debug|Any CPU.ActiveCfg = Debug|Any CPU
		{3D6F73D7-08F2-46F9-8795-900043A16F1F}.Debug|Any CPU.Build.0 = Debug|Any CPU
		{3D6F73D7-08F2-46F9-8795-900043A16F1F}.Release|Any CPU.ActiveCfg = Release|Any CPU
		{3D6F73D7-08F2-46F9-8795-900043A16F1F}.Release|Any CPU.Build.0 = Release|Any CPU
		{12AE01F5-81FE-4CCA-87B2-76897F2E0494}.Debug|Any CPU.ActiveCfg = Debug|Any CPU
		{12AE01F5-81FE-4CCA-87B2-76897F2E0494}.Debug|Any CPU.Build.0 = Debug|Any CPU
		{12AE01F5-81FE-4CCA-87B2-76897F2E0494}.Release|Any CPU.ActiveCfg = Release|Any CPU
		{12AE01F5-81FE-4CCA-87B2-76897F2E0494}.Release|Any CPU.Build.0 = Release|Any CPU
	EndGlobalSection
	GlobalSection(SolutionProperties) = preSolution
		HideSolutionNode = FALSE
	EndGlobalSection
	GlobalSection(ExtensibilityGlobals) = postSolution
		SolutionGuid = {83FB5B22-2EF8-46A1-9F85-DEBE8822D411}
	EndGlobalSection
EndGlobal
